
Microsoft Visual Studio Solution File, Format Version 12.00
# Visual Studio Version 16
VisualStudioVersion = 16.0.30413.136
MinimumVisualStudioVersion = 10.0.40219.1
Project("{FAE04EC0-301F-11D3-BF4B-00C04F79EFBC}") = "backendAPI", "backendAPI.csproj", "{C0578700-4296-434C-A246-3D848BD2700E}"
EndProject
Global
	GlobalSection(SolutionConfigurationPlatforms) = preSolution
		Debug|Any CPU = Debug|Any CPU
		Release|Any CPU = Release|Any CPU
	EndGlobalSection
	GlobalSection(ProjectConfigurationPlatforms) = postSolution
		{C0578700-4296-434C-A246-3D848BD2700E}.Debug|Any CPU.ActiveCfg = Debug|Any CPU
		{C0578700-4296-434C-A246-3D848BD2700E}.Debug|Any CPU.Build.0 = Debug|Any CPU
		{C0578700-4296-434C-A246-3D848BD2700E}.Release|Any CPU.ActiveCfg = Release|Any CPU
		{C0578700-4296-434C-A246-3D848BD2700E}.Release|Any CPU.Build.0 = Release|Any CPU
	EndGlobalSection
	GlobalSection(SolutionProperties) = preSolution
		HideSolutionNode = FALSE
	EndGlobalSection
	GlobalSection(ExtensibilityGlobals) = postSolution
		SolutionGuid = {44B1BD88-33A9-4510-8480-3995CB6D06A9}
	EndGlobalSection
EndGlobal
