{
  "requires": true,
  "lockfileVersion": 1,
  "dependencies": {
    "ngx-toast": {
      "version": "1.1.4",
      "resolved": "https://registry.npmjs.org/ngx-toast/-/ngx-toast-1.1.4.tgz",
      "integrity": "sha1-LaV0pOKNxC95kORH00A9IKRjKi8=",
      "requires": {
        "ngx-toastr": "^6.5.0"
      }
    },
    "ngx-toastr": {
      "version": "6.5.0",
      "resolved": "https://registry.npmjs.org/ngx-toastr/-/ngx-toastr-6.5.0.tgz",
      "integrity": "sha512-7aJcNShznNpxNOR90JutJfab6QhDFqMWPe5mREeLdxZVtGbYGWJebuv2LZOg4Qh5wxOzNGNsozzVH6IO2WsK9Q=="
    }
  }
}
